
Microsoft Visual Studio Solution File, Format Version 12.00
# Visual Studio Version 17
VisualStudioVersion = 17.0.31903.59
MinimumVisualStudioVersion = 10.0.40219.1
Project("{FAE04EC0-301F-11D3-BF4B-00C04F79EFBC}") = "DSP_Lab_6", "DSP_Lab_6.csproj", "{FA8CA124-8AA7-4E43-ABC3-63AA60EBAC3D}"
EndProject
Global
	GlobalSection(SolutionConfigurationPlatforms) = preSolution
		Debug|Any CPU = Debug|Any CPU
		Release|Any CPU = Release|Any CPU
	EndGlobalSection
	GlobalSection(ProjectConfigurationPlatforms) = postSolution
		{FA8CA124-8AA7-4E43-ABC3-63AA60EBAC3D}.Debug|Any CPU.ActiveCfg = Debug|Any CPU
		{FA8CA124-8AA7-4E43-ABC3-63AA60EBAC3D}.Debug|Any CPU.Build.0 = Debug|Any CPU
		{FA8CA124-8AA7-4E43-ABC3-63AA60EBAC3D}.Release|Any CPU.ActiveCfg = Release|Any CPU
		{FA8CA124-8AA7-4E43-ABC3-63AA60EBAC3D}.Release|Any CPU.Build.0 = Release|Any CPU
	EndGlobalSection
	GlobalSection(SolutionProperties) = preSolution
		HideSolutionNode = FALSE
	EndGlobalSection
	GlobalSection(ExtensibilityGlobals) = postSolution
		SolutionGuid = {55D8446B-6F54-464F-9B12-C806331CBF41}
	EndGlobalSection
EndGlobal
